
Microsoft Visual Studio Solution File, Format Version 12.00
# Visual Studio Version 16
VisualStudioVersion = 16.0.31402.337
MinimumVisualStudioVersion = 10.0.40219.1
Project("{8BC9CEB8-8B4A-11D0-8D11-00A0C91BC942}") = "Simply-Complex", "Simply-Complex\Simply-Complex.vcxproj", "{0325C5F0-4982-4D8B-A9F0-591DC99684D1}"
EndProject
Global
	GlobalSection(SolutionConfigurationPlatforms) = preSolution
		Debug|x64 = Debug|x64
		Debug|x86 = Debug|x86
		Release|x64 = Release|x64
		Release|x86 = Release|x86
	EndGlobalSection
	GlobalSection(ProjectConfigurationPlatforms) = postSolution
		{0325C5F0-4982-4D8B-A9F0-591DC99684D1}.Debug|x64.ActiveCfg = Debug|x64
		{0325C5F0-4982-4D8B-A9F0-591DC99684D1}.Debug|x64.Build.0 = Debug|x64
		{0325C5F0-4982-4D8B-A9F0-591DC99684D1}.Debug|x86.ActiveCfg = Debug|Win32
		{0325C5F0-4982-4D8B-A9F0-591DC99684D1}.Debug|x86.Build.0 = Debug|Win32
		{0325C5F0-4982-4D8B-A9F0-591DC99684D1}.Release|x64.ActiveCfg = Release|x64
		{0325C5F0-4982-4D8B-A9F0-591DC99684D1}.Release|x64.Build.0 = Release|x64
		{0325C5F0-4982-4D8B-A9F0-591DC99684D1}.Release|x86.ActiveCfg = Release|Win32
		{0325C5F0-4982-4D8B-A9F0-591DC99684D1}.Release|x86.Build.0 = Release|Win32
	EndGlobalSection
	GlobalSection(SolutionProperties) = preSolution
		HideSolutionNode = FALSE
	EndGlobalSection
	GlobalSection(ExtensibilityGlobals) = postSolution
		SolutionGuid = {D54A9207-C56A-4F0B-9D65-5ACA7D1B541D}
	EndGlobalSection
EndGlobal
